// !$*UTF8*$!
{
	archiveVersion = 1;
	classes = {
	};
	objectVersion = 56;
	objects = {

/* Begin PBXBuildFile section */
		E22CB12A2B258477000D98A5 /* Guanatos_tacos_appApp.swift in Sources */ = {isa = PBXBuildFile; fileRef = E22CB1292B258477000D98A5 /* Guanatos_tacos_appApp.swift */; };
		E22CB12E2B258479000D98A5 /* Assets.xcassets in Resources */ = {isa = PBXBuildFile; fileRef = E22CB12D2B258479000D98A5 /* Assets.xcassets */; };
		E22CB1312B258479000D98A5 /* Preview Assets.xcassets in Resources */ = {isa = PBXBuildFile; fileRef = E22CB1302B258479000D98A5 /* Preview Assets.xcassets */; };
		E22CB13B2B258479000D98A5 /* Guanatos_tacos_appTests.swift in Sources */ = {isa = PBXBuildFile; fileRef = E22CB13A2B258479000D98A5 /* Guanatos_tacos_appTests.swift */; };
		E22CB1452B258479000D98A5 /* Guanatos_tacos_appUITests.swift in Sources */ = {isa = PBXBuildFile; fileRef = E22CB1442B258479000D98A5 /* Guanatos_tacos_appUITests.swift */; };
		E22CB1472B258479000D98A5 /* Guanatos_tacos_appUITestsLaunchTests.swift in Sources */ = {isa = PBXBuildFile; fileRef = E22CB1462B258479000D98A5 /* Guanatos_tacos_appUITestsLaunchTests.swift */; };
		E22CB1542B26B83E000D98A5 /* WebView.swift in Sources */ = {isa = PBXBuildFile; fileRef = E22CB1532B26B83E000D98A5 /* WebView.swift */; };
		E24EE3F22B28DD74000FAC1B /* PDFViewer.swift in Sources */ = {isa = PBXBuildFile; fileRef = E24EE3F12B28DD74000FAC1B /* PDFViewer.swift */; };
		E24EE3F42B29215C000FAC1B /* menu.pdf in Resources */ = {isa = PBXBuildFile; fileRef = E24EE3F32B29215C000FAC1B /* menu.pdf */; };
		E24EE3F62B29255F000FAC1B /* tacos.jpg in Resources */ = {isa = PBXBuildFile; fileRef = E24EE3F52B29255F000FAC1B /* tacos.jpg */; };
		E24EE3F82B292569000FAC1B /* Burrito.jpg in Resources */ = {isa = PBXBuildFile; fileRef = E24EE3F72B292569000FAC1B /* Burrito.jpg */; };
		E285CEF92B2719A800053873 /* LocationManager.swift in Sources */ = {isa = PBXBuildFile; fileRef = E285CEF82B2719A800053873 /* LocationManager.swift */; };
		E285CEFD2B2721BA00053873 /* LoadingView.swift in Sources */ = {isa = PBXBuildFile; fileRef = E285CEFC2B2721BA00053873 /* LoadingView.swift */; };
		E285CEFF2B2724AE00053873 /* SplashScreenView.swift in Sources */ = {isa = PBXBuildFile; fileRef = E285CEFE2B2724AE00053873 /* SplashScreenView.swift */; };
		E2EDD4362B2788900035CE4C /* HomeView.swift in Sources */ = {isa = PBXBuildFile; fileRef = E2EDD4352B2788900035CE4C /* HomeView.swift */; };
		E2EDD4382B2788AF0035CE4C /* OrderView.swift in Sources */ = {isa = PBXBuildFile; fileRef = E2EDD4372B2788AF0035CE4C /* OrderView.swift */; };
		E2EDD43A2B278B7E0035CE4C /* MainTabView.swift in Sources */ = {isa = PBXBuildFile; fileRef = E2EDD4392B278B7E0035CE4C /* MainTabView.swift */; };
		E2EDD43C2B2794840035CE4C /* FoodGridView.swift in Sources */ = {isa = PBXBuildFile; fileRef = E2EDD43B2B2794840035CE4C /* FoodGridView.swift */; };
		E2EDD4422B27AA030035CE4C /* UserLocationMapView.swift in Sources */ = {isa = PBXBuildFile; fileRef = E2EDD4412B27AA030035CE4C /* UserLocationMapView.swift */; };
		E2EDD4442B27AD5C0035CE4C /* Location.swift in Sources */ = {isa = PBXBuildFile; fileRef = E2EDD4432B27AD5C0035CE4C /* Location.swift */; };
		E2EDD4462B27AE370035CE4C /* LocationView.swift in Sources */ = {isa = PBXBuildFile; fileRef = E2EDD4452B27AE370035CE4C /* LocationView.swift */; };
		E2EDD4482B27BBEB0035CE4C /* MapView.swift in Sources */ = {isa = PBXBuildFile; fileRef = E2EDD4472B27BBEB0035CE4C /* MapView.swift */; };
		E2EDD44A2B27EAAA0035CE4C /* InstagramView.swift in Sources */ = {isa = PBXBuildFile; fileRef = E2EDD4492B27EAAA0035CE4C /* InstagramView.swift */; };
/* End PBXBuildFile section */

/* Begin PBXContainerItemProxy section */
		E22CB1372B258479000D98A5 /* PBXContainerItemProxy */ = {
			isa = PBXContainerItemProxy;
			containerPortal = E22CB11E2B258477000D98A5 /* Project object */;
			proxyType = 1;
			remoteGlobalIDString = E22CB1252B258477000D98A5;
			remoteInfo = Guanatos_tacos_app;
		};
		E22CB1412B258479000D98A5 /* PBXContainerItemProxy */ = {
			isa = PBXContainerItemProxy;
			containerPortal = E22CB11E2B258477000D98A5 /* Project object */;
			proxyType = 1;
			remoteGlobalIDString = E22CB1252B258477000D98A5;
			remoteInfo = Guanatos_tacos_app;
		};
/* End PBXContainerItemProxy section */

/* Begin PBXFileReference section */
		E22CB1262B258477000D98A5 /* Guanatos_tacos_app.app */ = {isa = PBXFileReference; explicitFileType = wrapper.application; includeInIndex = 0; path = Guanatos_tacos_app.app; sourceTree = BUILT_PRODUCTS_DIR; };
		E22CB1292B258477000D98A5 /* Guanatos_tacos_appApp.swift */ = {isa = PBXFileReference; lastKnownFileType = sourcecode.swift; path = Guanatos_tacos_appApp.swift; sourceTree = "<group>"; };
		E22CB12D2B258479000D98A5 /* Assets.xcassets */ = {isa = PBXFileReference; lastKnownFileType = folder.assetcatalog; path = Assets.xcassets; sourceTree = "<group>"; };
		E22CB1302B258479000D98A5 /* Preview Assets.xcassets */ = {isa = PBXFileReference; lastKnownFileType = folder.assetcatalog; path = "Preview Assets.xcassets"; sourceTree = "<group>"; };
		E22CB1362B258479000D98A5 /* Guanatos_tacos_appTests.xctest */ = {isa = PBXFileReference; explicitFileType = wrapper.cfbundle; includeInIndex = 0; path = Guanatos_tacos_appTests.xctest; sourceTree = BUILT_PRODUCTS_DIR; };
		E22CB13A2B258479000D98A5 /* Guanatos_tacos_appTests.swift */ = {isa = PBXFileReference; lastKnownFileType = sourcecode.swift; path = Guanatos_tacos_appTests.swift; sourceTree = "<group>"; };
		E22CB1402B258479000D98A5 /* Guanatos_tacos_appUITests.xctest */ = {isa = PBXFileReference; explicitFileType = wrapper.cfbundle; includeInIndex = 0; path = Guanatos_tacos_appUITests.xctest; sourceTree = BUILT_PRODUCTS_DIR; };
		E22CB1442B258479000D98A5 /* Guanatos_tacos_appUITests.swift */ = {isa = PBXFileReference; lastKnownFileType = sourcecode.swift; path = Guanatos_tacos_appUITests.swift; sourceTree = "<group>"; };
		E22CB1462B258479000D98A5 /* Guanatos_tacos_appUITestsLaunchTests.swift */ = {isa = PBXFileReference; lastKnownFileType = sourcecode.swift; path = Guanatos_tacos_appUITestsLaunchTests.swift; sourceTree = "<group>"; };
		E22CB1532B26B83E000D98A5 /* WebView.swift */ = {isa = PBXFileReference; lastKnownFileType = sourcecode.swift; path = WebView.swift; sourceTree = "<group>"; };
		E24EE3F12B28DD74000FAC1B /* PDFViewer.swift */ = {isa = PBXFileReference; lastKnownFileType = sourcecode.swift; path = PDFViewer.swift; sourceTree = "<group>"; };
		E24EE3F32B29215C000FAC1B /* menu.pdf */ = {isa = PBXFileReference; lastKnownFileType = image.pdf; name = menu.pdf; path = ../../menu.pdf; sourceTree = "<group>"; };
		E24EE3F52B29255F000FAC1B /* tacos.jpg */ = {isa = PBXFileReference; lastKnownFileType = image.jpeg; name = tacos.jpg; path = ../../tacos.jpg; sourceTree = "<group>"; };
		E24EE3F72B292569000FAC1B /* Burrito.jpg */ = {isa = PBXFileReference; lastKnownFileType = image.jpeg; name = Burrito.jpg; path = ../../../../Downloads/Burrito.jpg; sourceTree = "<group>"; };
		E285CEF72B270FCD00053873 /* Guanatos-tacos-app-Info.plist */ = {isa = PBXFileReference; lastKnownFileType = text.plist; path = "Guanatos-tacos-app-Info.plist"; sourceTree = SOURCE_ROOT; };
		E285CEF82B2719A800053873 /* LocationManager.swift */ = {isa = PBXFileReference; lastKnownFileType = sourcecode.swift; path = LocationManager.swift; sourceTree = "<group>"; };
		E285CEFC2B2721BA00053873 /* LoadingView.swift */ = {isa = PBXFileReference; lastKnownFileType = sourcecode.swift; path = LoadingView.swift; sourceTree = "<group>"; };
		E285CEFE2B2724AE00053873 /* SplashScreenView.swift */ = {isa = PBXFileReference; lastKnownFileType = sourcecode.swift; path = SplashScreenView.swift; sourceTree = "<group>"; };
		E2EDD4352B2788900035CE4C /* HomeView.swift */ = {isa = PBXFileReference; lastKnownFileType = sourcecode.swift; path = HomeView.swift; sourceTree = "<group>"; };
		E2EDD4372B2788AF0035CE4C /* OrderView.swift */ = {isa = PBXFileReference; lastKnownFileType = sourcecode.swift; path = OrderView.swift; sourceTree = "<group>"; };
		E2EDD4392B278B7E0035CE4C /* MainTabView.swift */ = {isa = PBXFileReference; lastKnownFileType = sourcecode.swift; path = MainTabView.swift; sourceTree = "<group>"; };
		E2EDD43B2B2794840035CE4C /* FoodGridView.swift */ = {isa = PBXFileReference; lastKnownFileType = sourcecode.swift; path = FoodGridView.swift; sourceTree = "<group>"; };
		E2EDD4412B27AA030035CE4C /* UserLocationMapView.swift */ = {isa = PBXFileReference; lastKnownFileType = sourcecode.swift; path = UserLocationMapView.swift; sourceTree = "<group>"; };
		E2EDD4432B27AD5C0035CE4C /* Location.swift */ = {isa = PBXFileReference; lastKnownFileType = sourcecode.swift; path = Location.swift; sourceTree = "<group>"; };
		E2EDD4452B27AE370035CE4C /* LocationView.swift */ = {isa = PBXFileReference; lastKnownFileType = sourcecode.swift; path = LocationView.swift; sourceTree = "<group>"; };
		E2EDD4472B27BBEB0035CE4C /* MapView.swift */ = {isa = PBXFileReference; lastKnownFileType = sourcecode.swift; path = MapView.swift; sourceTree = "<group>"; };
		E2EDD4492B27EAAA0035CE4C /* InstagramView.swift */ = {isa = PBXFileReference; lastKnownFileType = sourcecode.swift; path = InstagramView.swift; sourceTree = "<group>"; };
/* End PBXFileReference section */

/* Begin PBXFrameworksBuildPhase section */
		E22CB1232B258477000D98A5 /* Frameworks */ = {
			isa = PBXFrameworksBuildPhase;
			buildActionMask = 2147483647;
			files = (
			);
			runOnlyForDeploymentPostprocessing = 0;
		};
		E22CB1332B258479000D98A5 /* Frameworks */ = {
			isa = PBXFrameworksBuildPhase;
			buildActionMask = 2147483647;
			files = (
			);
			runOnlyForDeploymentPostprocessing = 0;
		};
		E22CB13D2B258479000D98A5 /* Frameworks */ = {
			isa = PBXFrameworksBuildPhase;
			buildActionMask = 2147483647;
			files = (
			);
			runOnlyForDeploymentPostprocessing = 0;
		};
/* End PBXFrameworksBuildPhase section */

/* Begin PBXGroup section */
		E22CB11D2B258477000D98A5 = {
			isa = PBXGroup;
			children = (
				E22CB1282B258477000D98A5 /* Guanatos_tacos_app */,
				E22CB1392B258479000D98A5 /* Guanatos_tacos_appTests */,
				E22CB1432B258479000D98A5 /* Guanatos_tacos_appUITests */,
				E22CB1272B258477000D98A5 /* Products */,
			);
			sourceTree = "<group>";
		};
		E22CB1272B258477000D98A5 /* Products */ = {
			isa = PBXGroup;
			children = (
				E22CB1262B258477000D98A5 /* Guanatos_tacos_app.app */,
				E22CB1362B258479000D98A5 /* Guanatos_tacos_appTests.xctest */,
				E22CB1402B258479000D98A5 /* Guanatos_tacos_appUITests.xctest */,
			);
			name = Products;
			sourceTree = "<group>";
		};
		E22CB1282B258477000D98A5 /* Guanatos_tacos_app */ = {
			isa = PBXGroup;
			children = (
				E285CEF72B270FCD00053873 /* Guanatos-tacos-app-Info.plist */,
				E22CB1292B258477000D98A5 /* Guanatos_tacos_appApp.swift */,
				E2EDD4392B278B7E0035CE4C /* MainTabView.swift */,
				E22CB1532B26B83E000D98A5 /* WebView.swift */,
				E285CEF82B2719A800053873 /* LocationManager.swift */,
				E285CEFC2B2721BA00053873 /* LoadingView.swift */,
				E24EE3F32B29215C000FAC1B /* menu.pdf */,
				E24EE3F72B292569000FAC1B /* Burrito.jpg */,
				E24EE3F52B29255F000FAC1B /* tacos.jpg */,
				E22CB12D2B258479000D98A5 /* Assets.xcassets */,
				E22CB12F2B258479000D98A5 /* Preview Content */,
				E285CEFE2B2724AE00053873 /* SplashScreenView.swift */,
				E2EDD4352B2788900035CE4C /* HomeView.swift */,
				E2EDD4372B2788AF0035CE4C /* OrderView.swift */,
				E2EDD43B2B2794840035CE4C /* FoodGridView.swift */,
				E2EDD4412B27AA030035CE4C /* UserLocationMapView.swift */,
				E2EDD4432B27AD5C0035CE4C /* Location.swift */,
				E2EDD4452B27AE370035CE4C /* LocationView.swift */,
				E2EDD4472B27BBEB0035CE4C /* MapView.swift */,
				E24EE3F12B28DD74000FAC1B /* PDFViewer.swift */,
				E2EDD4492B27EAAA0035CE4C /* InstagramView.swift */,
			);
			path = Guanatos_tacos_app;
			sourceTree = "<group>";
		};
		E22CB12F2B258479000D98A5 /* Preview Content */ = {
			isa = PBXGroup;
			children = (
				E22CB1302B258479000D98A5 /* Preview Assets.xcassets */,
			);
			path = "Preview Content";
			sourceTree = "<group>";
		};
		E22CB1392B258479000D98A5 /* Guanatos_tacos_appTests */ = {
			isa = PBXGroup;
			children = (
				E22CB13A2B258479000D98A5 /* Guanatos_tacos_appTests.swift */,
			);
			path = Guanatos_tacos_appTests;
			sourceTree = "<group>";
		};
		E22CB1432B258479000D98A5 /* Guanatos_tacos_appUITests */ = {
			isa = PBXGroup;
			children = (
				E22CB1442B258479000D98A5 /* Guanatos_tacos_appUITests.swift */,
				E22CB1462B258479000D98A5 /* Guanatos_tacos_appUITestsLaunchTests.swift */,
			);
			path = Guanatos_tacos_appUITests;
			sourceTree = "<group>";
		};
/* End PBXGroup section */

/* Begin PBXNativeTarget section */
		E22CB1252B258477000D98A5 /* Guanatos_tacos_app */ = {
			isa = PBXNativeTarget;
			buildConfigurationList = E22CB14A2B258479000D98A5 /* Build configuration list for PBXNativeTarget "Guanatos_tacos_app" */;
			buildPhases = (
				E22CB1222B258477000D98A5 /* Sources */,
				E22CB1232B258477000D98A5 /* Frameworks */,
				E22CB1242B258477000D98A5 /* Resources */,
			);
			buildRules = (
			);
			dependencies = (
			);
			name = Guanatos_tacos_app;
			productName = Guanatos_tacos_app;
			productReference = E22CB1262B258477000D98A5 /* Guanatos_tacos_app.app */;
			productType = "com.apple.product-type.application";
		};
		E22CB1352B258479000D98A5 /* Guanatos_tacos_appTests */ = {
			isa = PBXNativeTarget;
			buildConfigurationList = E22CB14D2B258479000D98A5 /* Build configuration list for PBXNativeTarget "Guanatos_tacos_appTests" */;
			buildPhases = (
				E22CB1322B258479000D98A5 /* Sources */,
				E22CB1332B258479000D98A5 /* Frameworks */,
				E22CB1342B258479000D98A5 /* Resources */,
			);
			buildRules = (
			);
			dependencies = (
				E22CB1382B258479000D98A5 /* PBXTargetDependency */,
			);
			name = Guanatos_tacos_appTests;
			productName = Guanatos_tacos_appTests;
			productReference = E22CB1362B258479000D98A5 /* Guanatos_tacos_appTests.xctest */;
			productType = "com.apple.product-type.bundle.unit-test";
		};
		E22CB13F2B258479000D98A5 /* Guanatos_tacos_appUITests */ = {
			isa = PBXNativeTarget;
			buildConfigurationList = E22CB1502B258479000D98A5 /* Build configuration list for PBXNativeTarget "Guanatos_tacos_appUITests" */;
			buildPhases = (
				E22CB13C2B258479000D98A5 /* Sources */,
				E22CB13D2B258479000D98A5 /* Frameworks */,
				E22CB13E2B258479000D98A5 /* Resources */,
			);
			buildRules = (
			);
			dependencies = (
				E22CB1422B258479000D98A5 /* PBXTargetDependency */,
			);
			name = Guanatos_tacos_appUITests;
			productName = Guanatos_tacos_appUITests;
			productReference = E22CB1402B258479000D98A5 /* Guanatos_tacos_appUITests.xctest */;
			productType = "com.apple.product-type.bundle.ui-testing";
		};
/* End PBXNativeTarget section */

/* Begin PBXProject section */
		E22CB11E2B258477000D98A5 /* Project object */ = {
			isa = PBXProject;
			attributes = {
				BuildIndependentTargetsInParallel = 1;
				LastSwiftUpdateCheck = 1500;
				LastUpgradeCheck = 1500;
				TargetAttributes = {
					E22CB1252B258477000D98A5 = {
						CreatedOnToolsVersion = 15.0.1;
					};
					E22CB1352B258479000D98A5 = {
						CreatedOnToolsVersion = 15.0.1;
						TestTargetID = E22CB1252B258477000D98A5;
					};
					E22CB13F2B258479000D98A5 = {
						CreatedOnToolsVersion = 15.0.1;
						TestTargetID = E22CB1252B258477000D98A5;
					};
				};
			};
			buildConfigurationList = E22CB1212B258477000D98A5 /* Build configuration list for PBXProject "Guanatos_tacos_app" */;
			compatibilityVersion = "Xcode 14.0";
			developmentRegion = en;
			hasScannedForEncodings = 0;
			knownRegions = (
				en,
				Base,
			);
			mainGroup = E22CB11D2B258477000D98A5;
			productRefGroup = E22CB1272B258477000D98A5 /* Products */;
			projectDirPath = "";
			projectRoot = "";
			targets = (
				E22CB1252B258477000D98A5 /* Guanatos_tacos_app */,
				E22CB1352B258479000D98A5 /* Guanatos_tacos_appTests */,
				E22CB13F2B258479000D98A5 /* Guanatos_tacos_appUITests */,
			);
		};
/* End PBXProject section */

/* Begin PBXResourcesBuildPhase section */
		E22CB1242B258477000D98A5 /* Resources */ = {
			isa = PBXResourcesBuildPhase;
			buildActionMask = 2147483647;
			files = (
				E24EE3F82B292569000FAC1B /* Burrito.jpg in Resources */,
				E24EE3F62B29255F000FAC1B /* tacos.jpg in Resources */,
				E24EE3F42B29215C000FAC1B /* menu.pdf in Resources */,
				E22CB1312B258479000D98A5 /* Preview Assets.xcassets in Resources */,
				E22CB12E2B258479000D98A5 /* Assets.xcassets in Resources */,
			);
			runOnlyForDeploymentPostprocessing = 0;
		};
		E22CB1342B258479000D98A5 /* Resources */ = {
			isa = PBXResourcesBuildPhase;
			buildActionMask = 2147483647;
			files = (
			);
			runOnlyForDeploymentPostprocessing = 0;
		};
		E22CB13E2B258479000D98A5 /* Resources */ = {
			isa = PBXResourcesBuildPhase;
			buildActionMask = 2147483647;
			files = (
			);
			runOnlyForDeploymentPostprocessing = 0;
		};
/* End PBXResourcesBuildPhase section */

/* Begin PBXSourcesBuildPhase section */
		E22CB1222B258477000D98A5 /* Sources */ = {
			isa = PBXSourcesBuildPhase;
			buildActionMask = 2147483647;
			files = (
				E2EDD4462B27AE370035CE4C /* LocationView.swift in Sources */,
				E285CEF92B2719A800053873 /* LocationManager.swift in Sources */,
				E2EDD4382B2788AF0035CE4C /* OrderView.swift in Sources */,
				E2EDD43A2B278B7E0035CE4C /* MainTabView.swift in Sources */,
				E2EDD4362B2788900035CE4C /* HomeView.swift in Sources */,
				E2EDD43C2B2794840035CE4C /* FoodGridView.swift in Sources */,
				E24EE3F22B28DD74000FAC1B /* PDFViewer.swift in Sources */,
				E22CB1542B26B83E000D98A5 /* WebView.swift in Sources */,
				E2EDD4482B27BBEB0035CE4C /* MapView.swift in Sources */,
				E285CEFD2B2721BA00053873 /* LoadingView.swift in Sources */,
				E22CB12A2B258477000D98A5 /* Guanatos_tacos_appApp.swift in Sources */,
				E2EDD44A2B27EAAA0035CE4C /* InstagramView.swift in Sources */,
				E2EDD4422B27AA030035CE4C /* UserLocationMapView.swift in Sources */,
				E2EDD4442B27AD5C0035CE4C /* Location.swift in Sources */,
				E285CEFF2B2724AE00053873 /* SplashScreenView.swift in Sources */,
			);
			runOnlyForDeploymentPostprocessing = 0;
		};
		E22CB1322B258479000D98A5 /* Sources */ = {
			isa = PBXSourcesBuildPhase;
			buildActionMask = 2147483647;
			files = (
				E22CB13B2B258479000D98A5 /* Guanatos_tacos_appTests.swift in Sources */,
			);
			runOnlyForDeploymentPostprocessing = 0;
		};
		E22CB13C2B258479000D98A5 /* Sources */ = {
			isa = PBXSourcesBuildPhase;
			buildActionMask = 2147483647;
			files = (
				E22CB1452B258479000D98A5 /* Guanatos_tacos_appUITests.swift in Sources */,
				E22CB1472B258479000D98A5 /* Guanatos_tacos_appUITestsLaunchTests.swift in Sources */,
			);
			runOnlyForDeploymentPostprocessing = 0;
		};
/* End PBXSourcesBuildPhase section */

/* Begin PBXTargetDependency section */
		E22CB1382B258479000D98A5 /* PBXTargetDependency */ = {
			isa = PBXTargetDependency;
			target = E22CB1252B258477000D98A5 /* Guanatos_tacos_app */;
			targetProxy = E22CB1372B258479000D98A5 /* PBXContainerItemProxy */;
		};
		E22CB1422B258479000D98A5 /* PBXTargetDependency */ = {
			isa = PBXTargetDependency;
			target = E22CB1252B258477000D98A5 /* Guanatos_tacos_app */;
			targetProxy = E22CB1412B258479000D98A5 /* PBXContainerItemProxy */;
		};
/* End PBXTargetDependency section */

/* Begin XCBuildConfiguration section */
		E22CB1482B258479000D98A5 /* Debug */ = {
			isa = XCBuildConfiguration;
			buildSettings = {
				ALWAYS_SEARCH_USER_PATHS = NO;
				ASSETCATALOG_COMPILER_GENERATE_SWIFT_ASSET_SYMBOL_EXTENSIONS = YES;
				CLANG_ANALYZER_NONNULL = YES;
				CLANG_ANALYZER_NUMBER_OBJECT_CONVERSION = YES_AGGRESSIVE;
				CLANG_CXX_LANGUAGE_STANDARD = "gnu++20";
				CLANG_ENABLE_MODULES = YES;
				CLANG_ENABLE_OBJC_ARC = YES;
				CLANG_ENABLE_OBJC_WEAK = YES;
				CLANG_WARN_BLOCK_CAPTURE_AUTORELEASING = YES;
				CLANG_WARN_BOOL_CONVERSION = YES;
				CLANG_WARN_COMMA = YES;
				CLANG_WARN_CONSTANT_CONVERSION = YES;
				CLANG_WARN_DEPRECATED_OBJC_IMPLEMENTATIONS = YES;
				CLANG_WARN_DIRECT_OBJC_ISA_USAGE = YES_ERROR;
				CLANG_WARN_DOCUMENTATION_COMMENTS = YES;
				CLANG_WARN_EMPTY_BODY = YES;
				CLANG_WARN_ENUM_CONVERSION = YES;
				CLANG_WARN_INFINITE_RECURSION = YES;
				CLANG_WARN_INT_CONVERSION = YES;
				CLANG_WARN_NON_LITERAL_NULL_CONVERSION = YES;
				CLANG_WARN_OBJC_IMPLICIT_RETAIN_SELF = YES;
				CLANG_WARN_OBJC_LITERAL_CONVERSION = YES;
				CLANG_WARN_OBJC_ROOT_CLASS = YES_ERROR;
				CLANG_WARN_QUOTED_INCLUDE_IN_FRAMEWORK_HEADER = YES;
				CLANG_WARN_RANGE_LOOP_ANALYSIS = YES;
				CLANG_WARN_STRICT_PROTOTYPES = YES;
				CLANG_WARN_SUSPICIOUS_MOVE = YES;
				CLANG_WARN_UNGUARDED_AVAILABILITY = YES_AGGRESSIVE;
				CLANG_WARN_UNREACHABLE_CODE = YES;
				CLANG_WARN__DUPLICATE_METHOD_MATCH = YES;
				COPY_PHASE_STRIP = NO;
				DEBUG_INFORMATION_FORMAT = dwarf;
				ENABLE_STRICT_OBJC_MSGSEND = YES;
				ENABLE_TESTABILITY = YES;
				ENABLE_USER_SCRIPT_SANDBOXING = YES;
				GCC_C_LANGUAGE_STANDARD = gnu17;
				GCC_DYNAMIC_NO_PIC = NO;
				GCC_NO_COMMON_BLOCKS = YES;
				GCC_OPTIMIZATION_LEVEL = 0;
				GCC_PREPROCESSOR_DEFINITIONS = (
					"DEBUG=1",
					"$(inherited)",
				);
				GCC_WARN_64_TO_32_BIT_CONVERSION = YES;
				GCC_WARN_ABOUT_RETURN_TYPE = YES_ERROR;
				GCC_WARN_UNDECLARED_SELECTOR = YES;
				GCC_WARN_UNINITIALIZED_AUTOS = YES_AGGRESSIVE;
				GCC_WARN_UNUSED_FUNCTION = YES;
				GCC_WARN_UNUSED_VARIABLE = YES;
				GENERATE_INFOPLIST_FILE = YES;
				INFOPLIST_KEY_NSLocationAlwaysAndWhenInUseUsageDescription = "The app needs the location in order to find nearest location.";
				INFOPLIST_KEY_NSLocationAlwaysUsageDescription = "The app needs the location in order to find nearest location.";
				IPHONEOS_DEPLOYMENT_TARGET = 17.0;
				LOCALIZATION_PREFERS_STRING_CATALOGS = YES;
				MTL_ENABLE_DEBUG_INFO = INCLUDE_SOURCE;
				MTL_FAST_MATH = YES;
				ONLY_ACTIVE_ARCH = YES;
				SDKROOT = iphoneos;
				SWIFT_ACTIVE_COMPILATION_CONDITIONS = "DEBUG $(inherited)";
				SWIFT_OPTIMIZATION_LEVEL = "-Onone";
			};
			name = Debug;
		};
		E22CB1492B258479000D98A5 /* Release */ = {
			isa = XCBuildConfiguration;
			buildSettings = {
				ALWAYS_SEARCH_USER_PATHS = NO;
				ASSETCATALOG_COMPILER_GENERATE_SWIFT_ASSET_SYMBOL_EXTENSIONS = YES;
				CLANG_ANALYZER_NONNULL = YES;
				CLANG_ANALYZER_NUMBER_OBJECT_CONVERSION = YES_AGGRESSIVE;
				CLANG_CXX_LANGUAGE_STANDARD = "gnu++20";
				CLANG_ENABLE_MODULES = YES;
				CLANG_ENABLE_OBJC_ARC = YES;
				CLANG_ENABLE_OBJC_WEAK = YES;
				CLANG_WARN_BLOCK_CAPTURE_AUTORELEASING = YES;
				CLANG_WARN_BOOL_CONVERSION = YES;
				CLANG_WARN_COMMA = YES;
				CLANG_WARN_CONSTANT_CONVERSION = YES;
				CLANG_WARN_DEPRECATED_OBJC_IMPLEMENTATIONS = YES;
				CLANG_WARN_DIRECT_OBJC_ISA_USAGE = YES_ERROR;
				CLANG_WARN_DOCUMENTATION_COMMENTS = YES;
				CLANG_WARN_EMPTY_BODY = YES;
				CLANG_WARN_ENUM_CONVERSION = YES;
				CLANG_WARN_INFINITE_RECURSION = YES;
				CLANG_WARN_INT_CONVERSION = YES;
				CLANG_WARN_NON_LITERAL_NULL_CONVERSION = YES;
				CLANG_WARN_OBJC_IMPLICIT_RETAIN_SELF = YES;
				CLANG_WARN_OBJC_LITERAL_CONVERSION = YES;
				CLANG_WARN_OBJC_ROOT_CLASS = YES_ERROR;
				CLANG_WARN_QUOTED_INCLUDE_IN_FRAMEWORK_HEADER = YES;
				CLANG_WARN_RANGE_LOOP_ANALYSIS = YES;
				CLANG_WARN_STRICT_PROTOTYPES = YES;
				CLANG_WARN_SUSPICIOUS_MOVE = YES;
				CLANG_WARN_UNGUARDED_AVAILABILITY = YES_AGGRESSIVE;
				CLANG_WARN_UNREACHABLE_CODE = YES;
				CLANG_WARN__DUPLICATE_METHOD_MATCH = YES;
				COPY_PHASE_STRIP = NO;
				DEBUG_INFORMATION_FORMAT = "dwarf-with-dsym";
				ENABLE_NS_ASSERTIONS = NO;
				ENABLE_STRICT_OBJC_MSGSEND = YES;
				ENABLE_USER_SCRIPT_SANDBOXING = YES;
				GCC_C_LANGUAGE_STANDARD = gnu17;
				GCC_NO_COMMON_BLOCKS = YES;
				GCC_WARN_64_TO_32_BIT_CONVERSION = YES;
				GCC_WARN_ABOUT_RETURN_TYPE = YES_ERROR;
				GCC_WARN_UNDECLARED_SELECTOR = YES;
				GCC_WARN_UNINITIALIZED_AUTOS = YES_AGGRESSIVE;
				GCC_WARN_UNUSED_FUNCTION = YES;
				GCC_WARN_UNUSED_VARIABLE = YES;
				GENERATE_INFOPLIST_FILE = YES;
				INFOPLIST_KEY_NSLocationAlwaysAndWhenInUseUsageDescription = "The app needs the location in order to find nearest location.";
				INFOPLIST_KEY_NSLocationAlwaysUsageDescription = "The app needs the location in order to find nearest location.";
				IPHONEOS_DEPLOYMENT_TARGET = 17.0;
				LOCALIZATION_PREFERS_STRING_CATALOGS = YES;
				MTL_ENABLE_DEBUG_INFO = NO;
				MTL_FAST_MATH = YES;
				SDKROOT = iphoneos;
				SWIFT_COMPILATION_MODE = wholemodule;
				VALIDATE_PRODUCT = YES;
			};
			name = Release;
		};
		E22CB14B2B258479000D98A5 /* Debug */ = {
			isa = XCBuildConfiguration;
			buildSettings = {
				ASSETCATALOG_COMPILER_APPICON_NAME = AppIcon;
				ASSETCATALOG_COMPILER_GLOBAL_ACCENT_COLOR_NAME = AccentColor;
				ASSETCATALOG_COMPILER_INCLUDE_ALL_APPICON_ASSETS = NO;
				CODE_SIGN_STYLE = Automatic;
				CURRENT_PROJECT_VERSION = 1;
				DEVELOPMENT_ASSET_PATHS = "\"Guanatos_tacos_app/Preview Content\"";
				DEVELOPMENT_TEAM = UWMF9278ZY;
				ENABLE_PREVIEWS = YES;
				GENERATE_INFOPLIST_FILE = YES;
				INFOPLIST_FILE = "Guanatos-tacos-app-Info.plist";
				INFOPLIST_KEY_CFBundleDisplayName = "Guanatos Tacos";
				INFOPLIST_KEY_NSLocationAlwaysAndWhenInUseUsageDescription = "The app needs the location in order to find nearest location.";
				INFOPLIST_KEY_NSLocationAlwaysUsageDescription = "The app needs the location in order to find the nearest location, even when not in use.";
				INFOPLIST_KEY_NSLocationWhenInUseUsageDescription = "The app needs the location in order to find the nearest location.";
				INFOPLIST_KEY_UIApplicationSceneManifest_Generation = YES;
				INFOPLIST_KEY_UIApplicationSupportsIndirectInputEvents = YES;
				INFOPLIST_KEY_UILaunchScreen_Generation = YES;
				INFOPLIST_KEY_UILaunchStoryboardName = LaunchScreen.storyboard;
				INFOPLIST_KEY_UISupportedInterfaceOrientations_iPad = "UIInterfaceOrientationPortrait UIInterfaceOrientationPortraitUpsideDown UIInterfaceOrientationLandscapeLeft UIInterfaceOrientationLandscapeRight";
				INFOPLIST_KEY_UISupportedInterfaceOrientations_iPhone = "UIInterfaceOrientationPortrait UIInterfaceOrientationLandscapeLeft UIInterfaceOrientationLandscapeRight";
				LD_RUNPATH_SEARCH_PATHS = (
					"$(inherited)",
					"@executable_path/Frameworks",
				);
				MARKETING_VERSION = 1.0;
				PRODUCT_BUNDLE_IDENTIFIER = "Gerardo.Robledo.Guanatos-tacos-app";
				PRODUCT_NAME = "$(TARGET_NAME)";
				SWIFT_EMIT_LOC_STRINGS = YES;
				SWIFT_VERSION = 5.0;
				TARGETED_DEVICE_FAMILY = "1,2";
			};
			name = Debug;
		};
		E22CB14C2B258479000D98A5 /* Release */ = {
			isa = XCBuildConfiguration;
			buildSettings = {
				ASSETCATALOG_COMPILER_APPICON_NAME = AppIcon;
				ASSETCATALOG_COMPILER_GLOBAL_ACCENT_COLOR_NAME = AccentColor;
				ASSETCATALOG_COMPILER_INCLUDE_ALL_APPICON_ASSETS = NO;
				CODE_SIGN_STYLE = Automatic;
				CURRENT_PROJECT_VERSION = 1;
				DEVELOPMENT_ASSET_PATHS = "\"Guanatos_tacos_app/Preview Content\"";
				DEVELOPMENT_TEAM = UWMF9278ZY;
				ENABLE_PREVIEWS = YES;
				GENERATE_INFOPLIST_FILE = YES;
				INFOPLIST_FILE = "Guanatos-tacos-app-Info.plist";
				INFOPLIST_KEY_CFBundleDisplayName = "Guanatos Tacos";
				INFOPLIST_KEY_NSLocationAlwaysAndWhenInUseUsageDescription = "The app needs the location in order to find nearest location.";
				INFOPLIST_KEY_NSLocationAlwaysUsageDescription = "The app needs the location in order to find the nearest location, even when not in use.";
				INFOPLIST_KEY_NSLocationWhenInUseUsageDescription = "The app needs the location in order to find the nearest location.";
				INFOPLIST_KEY_UIApplicationSceneManifest_Generation = YES;
				INFOPLIST_KEY_UIApplicationSupportsIndirectInputEvents = YES;
				INFOPLIST_KEY_UILaunchScreen_Generation = YES;
				INFOPLIST_KEY_UILaunchStoryboardName = LaunchScreen.storyboard;
				INFOPLIST_KEY_UISupportedInterfaceOrientations_iPad = "UIInterfaceOrientationPortrait UIInterfaceOrientationPortraitUpsideDown UIInterfaceOrientationLandscapeLeft UIInterfaceOrientationLandscapeRight";
				INFOPLIST_KEY_UISupportedInterfaceOrientations_iPhone = "UIInterfaceOrientationPortrait UIInterfaceOrientationLandscapeLeft UIInterfaceOrientationLandscapeRight";
				LD_RUNPATH_SEARCH_PATHS = (
					"$(inherited)",
					"@executable_path/Frameworks",
				);
				MARKETING_VERSION = 1.0;
				PRODUCT_BUNDLE_IDENTIFIER = "Gerardo.Robledo.Guanatos-tacos-app";
				PRODUCT_NAME = "$(TARGET_NAME)";
				SWIFT_EMIT_LOC_STRINGS = YES;
				SWIFT_VERSION = 5.0;
				TARGETED_DEVICE_FAMILY = "1,2";
			};
			name = Release;
		};
		E22CB14E2B258479000D98A5 /* Debug */ = {
			isa = XCBuildConfiguration;
			buildSettings = {
				ALWAYS_EMBED_SWIFT_STANDARD_LIBRARIES = YES;
				BUNDLE_LOADER = "$(TEST_HOST)";
				CODE_SIGN_STYLE = Automatic;
				CURRENT_PROJECT_VERSION = 1;
				GENERATE_INFOPLIST_FILE = YES;
				IPHONEOS_DEPLOYMENT_TARGET = 17.0;
				MARKETING_VERSION = 1.0;
				PRODUCT_BUNDLE_IDENTIFIER = "Gerardo.Robledo.Guanatos-tacos-appTests";
				PRODUCT_NAME = "$(TARGET_NAME)";
				SWIFT_EMIT_LOC_STRINGS = NO;
				SWIFT_VERSION = 5.0;
				TARGETED_DEVICE_FAMILY = "1,2";
				TEST_HOST = "$(BUILT_PRODUCTS_DIR)/Guanatos_tacos_app.app/$(BUNDLE_EXECUTABLE_FOLDER_PATH)/Guanatos_tacos_app";
			};
			name = Debug;
		};
		E22CB14F2B258479000D98A5 /* Release */ = {
			isa = XCBuildConfiguration;
			buildSettings = {
				ALWAYS_EMBED_SWIFT_STANDARD_LIBRARIES = YES;
				BUNDLE_LOADER = "$(TEST_HOST)";
				CODE_SIGN_STYLE = Automatic;
				CURRENT_PROJECT_VERSION = 1;
				GENERATE_INFOPLIST_FILE = YES;
				IPHONEOS_DEPLOYMENT_TARGET = 17.0;
				MARKETING_VERSION = 1.0;
				PRODUCT_BUNDLE_IDENTIFIER = "Gerardo.Robledo.Guanatos-tacos-appTests";
				PRODUCT_NAME = "$(TARGET_NAME)";
				SWIFT_EMIT_LOC_STRINGS = NO;
				SWIFT_VERSION = 5.0;
				TARGETED_DEVICE_FAMILY = "1,2";
				TEST_HOST = "$(BUILT_PRODUCTS_DIR)/Guanatos_tacos_app.app/$(BUNDLE_EXECUTABLE_FOLDER_PATH)/Guanatos_tacos_app";
			};
			name = Release;
		};
		E22CB1512B258479000D98A5 /* Debug */ = {
			isa = XCBuildConfiguration;
			buildSettings = {
				ALWAYS_EMBED_SWIFT_STANDARD_LIBRARIES = YES;
				CODE_SIGN_STYLE = Automatic;
				CURRENT_PROJECT_VERSION = 1;
				GENERATE_INFOPLIST_FILE = YES;
				IPHONEOS_DEPLOYMENT_TARGET = 17.0;
				MARKETING_VERSION = 1.0;
				PRODUCT_BUNDLE_IDENTIFIER = "Gerardo.Robledo.Guanatos-tacos-appUITests";
				PRODUCT_NAME = "$(TARGET_NAME)";
				SWIFT_EMIT_LOC_STRINGS = NO;
				SWIFT_VERSION = 5.0;
				TARGETED_DEVICE_FAMILY = "1,2";
				TEST_TARGET_NAME = Guanatos_tacos_app;
			};
			name = Debug;
		};
		E22CB1522B258479000D98A5 /* Release */ = {
			isa = XCBuildConfiguration;
			buildSettings = {
				ALWAYS_EMBED_SWIFT_STANDARD_LIBRARIES = YES;
				CODE_SIGN_STYLE = Automatic;
				CURRENT_PROJECT_VERSION = 1;
				GENERATE_INFOPLIST_FILE = YES;
				IPHONEOS_DEPLOYMENT_TARGET = 17.0;
				MARKETING_VERSION = 1.0;
				PRODUCT_BUNDLE_IDENTIFIER = "Gerardo.Robledo.Guanatos-tacos-appUITests";
				PRODUCT_NAME = "$(TARGET_NAME)";
				SWIFT_EMIT_LOC_STRINGS = NO;
				SWIFT_VERSION = 5.0;
				TARGETED_DEVICE_FAMILY = "1,2";
				TEST_TARGET_NAME = Guanatos_tacos_app;
			};
			name = Release;
		};
/* End XCBuildConfiguration section */

/* Begin XCConfigurationList section */
		E22CB1212B258477000D98A5 /* Build configuration list for PBXProject "Guanatos_tacos_app" */ = {
			isa = XCConfigurationList;
			buildConfigurations = (
				E22CB1482B258479000D98A5 /* Debug */,
				E22CB1492B258479000D98A5 /* Release */,
			);
			defaultConfigurationIsVisible = 0;
			defaultConfigurationName = Release;
		};
		E22CB14A2B258479000D98A5 /* Build configuration list for PBXNativeTarget "Guanatos_tacos_app" */ = {
			isa = XCConfigurationList;
			buildConfigurations = (
				E22CB14B2B258479000D98A5 /* Debug */,
				E22CB14C2B258479000D98A5 /* Release */,
			);
			defaultConfigurationIsVisible = 0;
			defaultConfigurationName = Release;
		};
		E22CB14D2B258479000D98A5 /* Build configuration list for PBXNativeTarget "Guanatos_tacos_appTests" */ = {
			isa = XCConfigurationList;
			buildConfigurations = (
				E22CB14E2B258479000D98A5 /* Debug */,
				E22CB14F2B258479000D98A5 /* Release */,
			);
			defaultConfigurationIsVisible = 0;
			defaultConfigurationName = Release;
		};
		E22CB1502B258479000D98A5 /* Build configuration list for PBXNativeTarget "Guanatos_tacos_appUITests" */ = {
			isa = XCConfigurationList;
			buildConfigurations = (
				E22CB1512B258479000D98A5 /* Debug */,
				E22CB1522B258479000D98A5 /* Release */,
			);
			defaultConfigurationIsVisible = 0;
			defaultConfigurationName = Release;
		};
/* End XCConfigurationList section */
	};
	rootObject = E22CB11E2B258477000D98A5 /* Project object */;
}
